PODS:
  - SDWebImage (4.0.0):
    - SDWebImage/Core (= 4.0.0)
  - SDWebImage/Core (4.0.0)
  - SocketRocket (0.5.1)
  - WeexSDK (0.12.0):
    - SocketRocket

DEPENDENCIES:
  - SDWebImage
  - WeexSDK

SPEC CHECKSUMS:
  SDWebImage: 76a6348bdc74eb5a55dd08a091ef298e56b55e41
  SocketRocket: d57c7159b83c3c6655745cd15302aa24b6bae531
  WeexSDK: 8573b6e15195d4efc7c786ddc3be6f50d9ccb01c

PODFILE CHECKSUM: fbf2980b18599ccaddf876a4ccf1eb22351c2c1f

COCOAPODS: 1.2.0
